
Microsoft Visual Studio Solution File, Format Version 12.00
Project("{FAE04EC0-301F-11D3-BF4B-00C04F79EFBC}") = "CarRent", "CarRent\CarRent.csproj", "{5DD5B784-3AEB-40A4-BE2D-E8DD06D8A983}"
EndProject
Project("{2150E333-8FDC-42A3-9474-1A3956D46DE8}") = "SolutionItems", "SolutionItems", "{FDE33EFB-4FF0-47B7-8662-AD72567079BF}"
	ProjectSection(SolutionItems) = preProject
		..\..\..\..\Library\CloudStorage\OneDrive-Personal\ZbW Diplom\4. Semester\Software Architektur und Design\CarRent.vpd = ..\..\..\..\Library\CloudStorage\OneDrive-Personal\ZbW Diplom\4. Semester\Software Architektur und Design\CarRent.vpd
	EndProjectSection
EndProject
Global
	GlobalSection(SolutionConfigurationPlatforms) = preSolution
		Debug|Any CPU = Debug|Any CPU
		Release|Any CPU = Release|Any CPU
	EndGlobalSection
	GlobalSection(ProjectConfigurationPlatforms) = postSolution
		{5DD5B784-3AEB-40A4-BE2D-E8DD06D8A983}.Debug|Any CPU.ActiveCfg = Debug|Any CPU
		{5DD5B784-3AEB-40A4-BE2D-E8DD06D8A983}.Debug|Any CPU.Build.0 = Debug|Any CPU
		{5DD5B784-3AEB-40A4-BE2D-E8DD06D8A983}.Release|Any CPU.ActiveCfg = Release|Any CPU
		{5DD5B784-3AEB-40A4-BE2D-E8DD06D8A983}.Release|Any CPU.Build.0 = Release|Any CPU
	EndGlobalSection
EndGlobal
